// !$*UTF8*$!
{
	archiveVersion = 1;
	classes = {
	};
	objectVersion = 51;
	objects = {

/* Begin PBXBuildFile section */
		245B8A99482F389CE726697A /* Pods_Swingtweaks.framework in Frameworks */ = {isa = PBXBuildFile; fileRef = 45FA5178011CFC496B28516C /* Pods_Swingtweaks.framework */; };
		5FD5472E2788484F000B80AE /* ToolItemCollectionView.swift in Sources */ = {isa = PBXBuildFile; fileRef = 5FD5472D2788484F000B80AE /* ToolItemCollectionView.swift */; };
		5FD5473727884978000B80AE /* ToolsItemCollectionCell.swift in Sources */ = {isa = PBXBuildFile; fileRef = 5FD5473527884978000B80AE /* ToolsItemCollectionCell.swift */; };
		5FD5473827884978000B80AE /* ToolsItemCollectionCell.xib in Resources */ = {isa = PBXBuildFile; fileRef = 5FD5473627884978000B80AE /* ToolsItemCollectionCell.xib */; };
		5FF206342785697F00EE1A43 /* Constant.swift in Sources */ = {isa = PBXBuildFile; fileRef = 5FF206332785697F00EE1A43 /* Constant.swift */; };
		8884534327720163001E22B9 /* videoApp.mov in Resources */ = {isa = PBXBuildFile; fileRef = 8884534227720163001E22B9 /* videoApp.mov */; };
		8884537827720400001E22B9 /* DrawingTool.swift in Sources */ = {isa = PBXBuildFile; fileRef = 88845348277203FF001E22B9 /* DrawingTool.swift */; };
		8884537927720400001E22B9 /* DrawingOperations.swift in Sources */ = {isa = PBXBuildFile; fileRef = 88845349277203FF001E22B9 /* DrawingOperations.swift */; };
		8884537A27720400001E22B9 /* SelectionTool.swift in Sources */ = {isa = PBXBuildFile; fileRef = 8884534B277203FF001E22B9 /* SelectionTool.swift */; };
		8884537B27720400001E22B9 /* StarTool_PentagonTool_TriangleTool.swift in Sources */ = {isa = PBXBuildFile; fileRef = 8884534C277203FF001E22B9 /* StarTool_PentagonTool_TriangleTool.swift */; };
		8884537C27720400001E22B9 /* AngleTool.swift in Sources */ = {isa = PBXBuildFile; fileRef = 8884534D277203FF001E22B9 /* AngleTool.swift */; };
		8884537D27720400001E22B9 /* DragHandler.swift in Sources */ = {isa = PBXBuildFile; fileRef = 8884534F277203FF001E22B9 /* DragHandler.swift */; };
		8884537E27720400001E22B9 /* TextShapeEditingView.swift in Sources */ = {isa = PBXBuildFile; fileRef = 88845350277203FF001E22B9 /* TextShapeEditingView.swift */; };
		8884537F27720400001E22B9 /* TextTool.swift in Sources */ = {isa = PBXBuildFile; fileRef = 88845351277203FF001E22B9 /* TextTool.swift */; };
		8884538027720400001E22B9 /* PenTool_EraserTool.swift in Sources */ = {isa = PBXBuildFile; fileRef = 88845352277203FF001E22B9 /* PenTool_EraserTool.swift */; };
		8884538127720400001E22B9 /* DrawingToolForShapeWithTwoPoints.swift in Sources */ = {isa = PBXBuildFile; fileRef = 88845353277203FF001E22B9 /* DrawingToolForShapeWithTwoPoints.swift */; };
		8884538227720400001E22B9 /* DrawingToolForShapeWithThreePoints.swift in Sources */ = {isa = PBXBuildFile; fileRef = 88845354277203FF001E22B9 /* DrawingToolForShapeWithThreePoints.swift */; };
		8884538327720400001E22B9 /* ArrowTool_EllipseTool_LineTool_RectTool.swift in Sources */ = {isa = PBXBuildFile; fileRef = 88845355277203FF001E22B9 /* ArrowTool_EllipseTool_LineTool_RectTool.swift */; };
		8884538427720400001E22B9 /* ToolPickerViewController.swift in Sources */ = {isa = PBXBuildFile; fileRef = 88845356277203FF001E22B9 /* ToolPickerViewController.swift */; };
		8884538527720400001E22B9 /* Shape.swift in Sources */ = {isa = PBXBuildFile; fileRef = 88845358277203FF001E22B9 /* Shape.swift */; };
		8884538627720400001E22B9 /* ShapeTransform.swift in Sources */ = {isa = PBXBuildFile; fileRef = 88845359277203FF001E22B9 /* ShapeTransform.swift */; };
		8884538727720400001E22B9 /* LineShape.swift in Sources */ = {isa = PBXBuildFile; fileRef = 8884535B277203FF001E22B9 /* LineShape.swift */; };
		8884538827720400001E22B9 /* PenShape.swift in Sources */ = {isa = PBXBuildFile; fileRef = 8884535C277203FF001E22B9 /* PenShape.swift */; };
		8884538927720400001E22B9 /* NgonShape.swift in Sources */ = {isa = PBXBuildFile; fileRef = 8884535D277203FF001E22B9 /* NgonShape.swift */; };
		8884538A27720400001E22B9 /* RectShape.swift in Sources */ = {isa = PBXBuildFile; fileRef = 8884535E277203FF001E22B9 /* RectShape.swift */; };
		8884538B27720400001E22B9 /* TextShape.swift in Sources */ = {isa = PBXBuildFile; fileRef = 8884535F277203FF001E22B9 /* TextShape.swift */; };
		8884538C27720400001E22B9 /* StarShape.swift in Sources */ = {isa = PBXBuildFile; fileRef = 88845360277203FF001E22B9 /* StarShape.swift */; };
		8884538D27720400001E22B9 /* EllipseShape.swift in Sources */ = {isa = PBXBuildFile; fileRef = 88845361277203FF001E22B9 /* EllipseShape.swift */; };
		8884538E27720400001E22B9 /* AngleShape.swift in Sources */ = {isa = PBXBuildFile; fileRef = 88845362277203FF001E22B9 /* AngleShape.swift */; };
		8884539027720400001E22B9 /* ColorPickerViewController.swift in Sources */ = {isa = PBXBuildFile; fileRef = 88845366277203FF001E22B9 /* ColorPickerViewController.swift */; };
		8884539127720400001E22B9 /* DrawsanaView.swift in Sources */ = {isa = PBXBuildFile; fileRef = 88845367277203FF001E22B9 /* DrawsanaView.swift */; };
		8884539227720400001E22B9 /* DrawingOperationStack.swift in Sources */ = {isa = PBXBuildFile; fileRef = 8884536927720400001E22B9 /* DrawingOperationStack.swift */; };
		8884539327720400001E22B9 /* ToolSettings.swift in Sources */ = {isa = PBXBuildFile; fileRef = 8884536A27720400001E22B9 /* ToolSettings.swift */; };
		8884539427720400001E22B9 /* ToolOperationContext.swift in Sources */ = {isa = PBXBuildFile; fileRef = 8884536B27720400001E22B9 /* ToolOperationContext.swift */; };
		8884539527720400001E22B9 /* UserSettings.swift in Sources */ = {isa = PBXBuildFile; fileRef = 8884536C27720400001E22B9 /* UserSettings.swift */; };
		8884539627720400001E22B9 /* Drawing.swift in Sources */ = {isa = PBXBuildFile; fileRef = 8884536D27720400001E22B9 /* Drawing.swift */; };
		8884539727720400001E22B9 /* DrawsanaUtilities.swift in Sources */ = {isa = PBXBuildFile; fileRef = 8884536F27720400001E22B9 /* DrawsanaUtilities.swift */; };
		8884539827720400001E22B9 /* CGPoint+DrawsanaExtensions.swift in Sources */ = {isa = PBXBuildFile; fileRef = 8884537127720400001E22B9 /* CGPoint+DrawsanaExtensions.swift */; };
		8884539927720400001E22B9 /* CGFloat+DrawsanaExtensions.swift in Sources */ = {isa = PBXBuildFile; fileRef = 8884537227720400001E22B9 /* CGFloat+DrawsanaExtensions.swift */; };
		8884539A27720400001E22B9 /* CGRect+DrawsanaExtensions.swift in Sources */ = {isa = PBXBuildFile; fileRef = 8884537327720400001E22B9 /* CGRect+DrawsanaExtensions.swift */; };
		8884539B27720400001E22B9 /* UIColor+DrawsanaExtensions.swift in Sources */ = {isa = PBXBuildFile; fileRef = 8884537427720400001E22B9 /* UIColor+DrawsanaExtensions.swift */; };
		8884539C27720400001E22B9 /* KeyedDecodingContainer+DrawsanaExtensions.swift in Sources */ = {isa = PBXBuildFile; fileRef = 8884537527720400001E22B9 /* KeyedDecodingContainer+DrawsanaExtensions.swift */; };
		8884539D27720400001E22B9 /* ImmediatePanGestureRecognizer.swift in Sources */ = {isa = PBXBuildFile; fileRef = 8884537627720400001E22B9 /* ImmediatePanGestureRecognizer.swift */; };
		8884539E27720400001E22B9 /* Layout.swift in Sources */ = {isa = PBXBuildFile; fileRef = 8884537727720400001E22B9 /* Layout.swift */; };
		889614F0276A06F200D59E02 /* demoAudio.mp3 in Resources */ = {isa = PBXBuildFile; fileRef = 889614EF276A06F200D59E02 /* demoAudio.mp3 */; };
		88B09718277DD08700C8781B /* UIView+Extension.swift in Sources */ = {isa = PBXBuildFile; fileRef = 88B09717277DD08700C8781B /* UIView+Extension.swift */; };
		88B0971C277DE26F00C8781B /* VideoEditor.swift in Sources */ = {isa = PBXBuildFile; fileRef = 88B0971B277DE26F00C8781B /* VideoEditor.swift */; };
		88B09726277DE73000C8781B /* ImageToVideo.swift in Sources */ = {isa = PBXBuildFile; fileRef = 88B09725277DE73000C8781B /* ImageToVideo.swift */; };
		88BF91902761CD1000488A15 /* AppDelegate.swift in Sources */ = {isa = PBXBuildFile; fileRef = 88BF918F2761CD1000488A15 /* AppDelegate.swift */; };
		88BF91922761CD1000488A15 /* SceneDelegate.swift in Sources */ = {isa = PBXBuildFile; fileRef = 88BF91912761CD1000488A15 /* SceneDelegate.swift */; };
		88BF91942761CD1000488A15 /* ViewController.swift in Sources */ = {isa = PBXBuildFile; fileRef = 88BF91932761CD1000488A15 /* ViewController.swift */; };
		88BF91972761CD1000488A15 /* Main.storyboard in Resources */ = {isa = PBXBuildFile; fileRef = 88BF91952761CD1000488A15 /* Main.storyboard */; };
		88BF91992761CD3A00488A15 /* Assets.xcassets in Resources */ = {isa = PBXBuildFile; fileRef = 88BF91982761CD3A00488A15 /* Assets.xcassets */; };
		88BF919C2761CD3A00488A15 /* LaunchScreen.storyboard in Resources */ = {isa = PBXBuildFile; fileRef = 88BF919A2761CD3A00488A15 /* LaunchScreen.storyboard */; };
		88BF91AD2761D20600488A15 /* CreateTweakViewController.swift in Sources */ = {isa = PBXBuildFile; fileRef = 88BF91AC2761D20600488A15 /* CreateTweakViewController.swift */; };
		88F628E6276B2B4B0056A87D /* .gitkeep in Resources */ = {isa = PBXBuildFile; fileRef = 88F628DF276B2B4B0056A87D /* .gitkeep */; };
		88F628E7276B2B4B0056A87D /* VideoGenerator.swift in Sources */ = {isa = PBXBuildFile; fileRef = 88F628E0276B2B4B0056A87D /* VideoGenerator.swift */; };
		88F628E8276B2B4B0056A87D /* AVAssetExtension.swift in Sources */ = {isa = PBXBuildFile; fileRef = 88F628E2276B2B4B0056A87D /* AVAssetExtension.swift */; };
		88F628E9276B2B4B0056A87D /* ImageExtension.swift in Sources */ = {isa = PBXBuildFile; fileRef = 88F628E3276B2B4B0056A87D /* ImageExtension.swift */; };
		88F628EA276B2B4B0056A87D /* VideoGeneratorError.swift in Sources */ = {isa = PBXBuildFile; fileRef = 88F628E5276B2B4B0056A87D /* VideoGeneratorError.swift */; };
		88F628ED276B2D060056A87D /* LoadingView.swift in Sources */ = {isa = PBXBuildFile; fileRef = 88F628EC276B2D060056A87D /* LoadingView.swift */; };
		88F628F2276B73090056A87D /* AGAudioRecorder.swift in Sources */ = {isa = PBXBuildFile; fileRef = 88F628F1276B73090056A87D /* AGAudioRecorder.swift */; };
		B78D7789278C6F0600CD25D1 /* PreviewViewController.swift in Sources */ = {isa = PBXBuildFile; fileRef = B78D7788278C6F0600CD25D1 /* PreviewViewController.swift */; };
/* End PBXBuildFile section */

/* Begin PBXFileReference section */
		0A98992D7F0CB71404586297 /* Pods-Swingtweaks.debug.xcconfig */ = {isa = PBXFileReference; includeInIndex = 1; lastKnownFileType = text.xcconfig; name = "Pods-Swingtweaks.debug.xcconfig"; path = "Target Support Files/Pods-Swingtweaks/Pods-Swingtweaks.debug.xcconfig"; sourceTree = "<group>"; };
		45FA5178011CFC496B28516C /* Pods_Swingtweaks.framework */ = {isa = PBXFileReference; explicitFileType = wrapper.framework; includeInIndex = 0; path = Pods_Swingtweaks.framework; sourceTree = BUILT_PRODUCTS_DIR; };
		5FD5472D2788484F000B80AE /* ToolItemCollectionView.swift */ = {isa = PBXFileReference; lastKnownFileType = sourcecode.swift; path = ToolItemCollectionView.swift; sourceTree = "<group>"; };
		5FD5473527884978000B80AE /* ToolsItemCollectionCell.swift */ = {isa = PBXFileReference; lastKnownFileType = sourcecode.swift; path = ToolsItemCollectionCell.swift; sourceTree = "<group>"; };
		5FD5473627884978000B80AE /* ToolsItemCollectionCell.xib */ = {isa = PBXFileReference; lastKnownFileType = file.xib; path = ToolsItemCollectionCell.xib; sourceTree = "<group>"; };
		5FF206332785697F00EE1A43 /* Constant.swift */ = {isa = PBXFileReference; lastKnownFileType = sourcecode.swift; path = Constant.swift; sourceTree = "<group>"; };
		8884534227720163001E22B9 /* videoApp.mov */ = {isa = PBXFileReference; lastKnownFileType = video.quicktime; path = videoApp.mov; sourceTree = "<group>"; };
		88845348277203FF001E22B9 /* DrawingTool.swift */ = {isa = PBXFileReference; fileEncoding = 4; lastKnownFileType = sourcecode.swift; path = DrawingTool.swift; sourceTree = "<group>"; };
		88845349277203FF001E22B9 /* DrawingOperations.swift */ = {isa = PBXFileReference; fileEncoding = 4; lastKnownFileType = sourcecode.swift; path = DrawingOperations.swift; sourceTree = "<group>"; };
		8884534B277203FF001E22B9 /* SelectionTool.swift */ = {isa = PBXFileReference; fileEncoding = 4; lastKnownFileType = sourcecode.swift; path = SelectionTool.swift; sourceTree = "<group>"; };
		8884534C277203FF001E22B9 /* StarTool_PentagonTool_TriangleTool.swift */ = {isa = PBXFileReference; fileEncoding = 4; lastKnownFileType = sourcecode.swift; path = StarTool_PentagonTool_TriangleTool.swift; sourceTree = "<group>"; };
		8884534D277203FF001E22B9 /* AngleTool.swift */ = {isa = PBXFileReference; fileEncoding = 4; lastKnownFileType = sourcecode.swift; path = AngleTool.swift; sourceTree = "<group>"; };
		8884534F277203FF001E22B9 /* DragHandler.swift */ = {isa = PBXFileReference; fileEncoding = 4; lastKnownFileType = sourcecode.swift; path = DragHandler.swift; sourceTree = "<group>"; };
		88845350277203FF001E22B9 /* TextShapeEditingView.swift */ = {isa = PBXFileReference; fileEncoding = 4; lastKnownFileType = sourcecode.swift; path = TextShapeEditingView.swift; sourceTree = "<group>"; };
		88845351277203FF001E22B9 /* TextTool.swift */ = {isa = PBXFileReference; fileEncoding = 4; lastKnownFileType = sourcecode.swift; path = TextTool.swift; sourceTree = "<group>"; };
		88845352277203FF001E22B9 /* PenTool_EraserTool.swift */ = {isa = PBXFileReference; fileEncoding = 4; lastKnownFileType = sourcecode.swift; path = PenTool_EraserTool.swift; sourceTree = "<group>"; };
		88845353277203FF001E22B9 /* DrawingToolForShapeWithTwoPoints.swift */ = {isa = PBXFileReference; fileEncoding = 4; lastKnownFileType = sourcecode.swift; path = DrawingToolForShapeWithTwoPoints.swift; sourceTree = "<group>"; };
		88845354277203FF001E22B9 /* DrawingToolForShapeWithThreePoints.swift */ = {isa = PBXFileReference; fileEncoding = 4; lastKnownFileType = sourcecode.swift; path = DrawingToolForShapeWithThreePoints.swift; sourceTree = "<group>"; };
		88845355277203FF001E22B9 /* ArrowTool_EllipseTool_LineTool_RectTool.swift */ = {isa = PBXFileReference; fileEncoding = 4; lastKnownFileType = sourcecode.swift; path = ArrowTool_EllipseTool_LineTool_RectTool.swift; sourceTree = "<group>"; };
		88845356277203FF001E22B9 /* ToolPickerViewController.swift */ = {isa = PBXFileReference; fileEncoding = 4; lastKnownFileType = sourcecode.swift; path = ToolPickerViewController.swift; sourceTree = "<group>"; };
		88845358277203FF001E22B9 /* Shape.swift */ = {isa = PBXFileReference; fileEncoding = 4; lastKnownFileType = sourcecode.swift; path = Shape.swift; sourceTree = "<group>"; };
		88845359277203FF001E22B9 /* ShapeTransform.swift */ = {isa = PBXFileReference; fileEncoding = 4; lastKnownFileType = sourcecode.swift; path = ShapeTransform.swift; sourceTree = "<group>"; };
		8884535B277203FF001E22B9 /* LineShape.swift */ = {isa = PBXFileReference; fileEncoding = 4; lastKnownFileType = sourcecode.swift; path = LineShape.swift; sourceTree = "<group>"; };
		8884535C277203FF001E22B9 /* PenShape.swift */ = {isa = PBXFileReference; fileEncoding = 4; lastKnownFileType = sourcecode.swift; path = PenShape.swift; sourceTree = "<group>"; };
		8884535D277203FF001E22B9 /* NgonShape.swift */ = {isa = PBXFileReference; fileEncoding = 4; lastKnownFileType = sourcecode.swift; path = NgonShape.swift; sourceTree = "<group>"; };
		8884535E277203FF001E22B9 /* RectShape.swift */ = {isa = PBXFileReference; fileEncoding = 4; lastKnownFileType = sourcecode.swift; path = RectShape.swift; sourceTree = "<group>"; };
		8884535F277203FF001E22B9 /* TextShape.swift */ = {isa = PBXFileReference; fileEncoding = 4; lastKnownFileType = sourcecode.swift; path = TextShape.swift; sourceTree = "<group>"; };
		88845360277203FF001E22B9 /* StarShape.swift */ = {isa = PBXFileReference; fileEncoding = 4; lastKnownFileType = sourcecode.swift; path = StarShape.swift; sourceTree = "<group>"; };
		88845361277203FF001E22B9 /* EllipseShape.swift */ = {isa = PBXFileReference; fileEncoding = 4; lastKnownFileType = sourcecode.swift; path = EllipseShape.swift; sourceTree = "<group>"; };
		88845362277203FF001E22B9 /* AngleShape.swift */ = {isa = PBXFileReference; fileEncoding = 4; lastKnownFileType = sourcecode.swift; path = AngleShape.swift; sourceTree = "<group>"; };
		88845364277203FF001E22B9 /* Drawsana.h */ = {isa = PBXFileReference; fileEncoding = 4; lastKnownFileType = sourcecode.c.h; path = Drawsana.h; sourceTree = "<group>"; };
		88845365277203FF001E22B9 /* Info.plist */ = {isa = PBXFileReference; fileEncoding = 4; lastKnownFileType = text.plist.xml; path = Info.plist; sourceTree = "<group>"; };
		88845366277203FF001E22B9 /* ColorPickerViewController.swift */ = {isa = PBXFileReference; fileEncoding = 4; lastKnownFileType = sourcecode.swift; path = ColorPickerViewController.swift; sourceTree = "<group>"; };
		88845367277203FF001E22B9 /* DrawsanaView.swift */ = {isa = PBXFileReference; fileEncoding = 4; lastKnownFileType = sourcecode.swift; path = DrawsanaView.swift; sourceTree = "<group>"; };
		8884536927720400001E22B9 /* DrawingOperationStack.swift */ = {isa = PBXFileReference; fileEncoding = 4; lastKnownFileType = sourcecode.swift; path = DrawingOperationStack.swift; sourceTree = "<group>"; };
		8884536A27720400001E22B9 /* ToolSettings.swift */ = {isa = PBXFileReference; fileEncoding = 4; lastKnownFileType = sourcecode.swift; path = ToolSettings.swift; sourceTree = "<group>"; };
		8884536B27720400001E22B9 /* ToolOperationContext.swift */ = {isa = PBXFileReference; fileEncoding = 4; lastKnownFileType = sourcecode.swift; path = ToolOperationContext.swift; sourceTree = "<group>"; };
		8884536C27720400001E22B9 /* UserSettings.swift */ = {isa = PBXFileReference; fileEncoding = 4; lastKnownFileType = sourcecode.swift; path = UserSettings.swift; sourceTree = "<group>"; };
		8884536D27720400001E22B9 /* Drawing.swift */ = {isa = PBXFileReference; fileEncoding = 4; lastKnownFileType = sourcecode.swift; path = Drawing.swift; sourceTree = "<group>"; };
		8884536F27720400001E22B9 /* DrawsanaUtilities.swift */ = {isa = PBXFileReference; fileEncoding = 4; lastKnownFileType = sourcecode.swift; path = DrawsanaUtilities.swift; sourceTree = "<group>"; };
		8884537127720400001E22B9 /* CGPoint+DrawsanaExtensions.swift */ = {isa = PBXFileReference; fileEncoding = 4; lastKnownFileType = sourcecode.swift; path = "CGPoint+DrawsanaExtensions.swift"; sourceTree = "<group>"; };
		8884537227720400001E22B9 /* CGFloat+DrawsanaExtensions.swift */ = {isa = PBXFileReference; fileEncoding = 4; lastKnownFileType = sourcecode.swift; path = "CGFloat+DrawsanaExtensions.swift"; sourceTree = "<group>"; };
		8884537327720400001E22B9 /* CGRect+DrawsanaExtensions.swift */ = {isa = PBXFileReference; fileEncoding = 4; lastKnownFileType = sourcecode.swift; path = "CGRect+DrawsanaExtensions.swift"; sourceTree = "<group>"; };
		8884537427720400001E22B9 /* UIColor+DrawsanaExtensions.swift */ = {isa = PBXFileReference; fileEncoding = 4; lastKnownFileType = sourcecode.swift; path = "UIColor+DrawsanaExtensions.swift"; sourceTree = "<group>"; };
		8884537527720400001E22B9 /* KeyedDecodingContainer+DrawsanaExtensions.swift */ = {isa = PBXFileReference; fileEncoding = 4; lastKnownFileType = sourcecode.swift; path = "KeyedDecodingContainer+DrawsanaExtensions.swift"; sourceTree = "<group>"; };
		8884537627720400001E22B9 /* ImmediatePanGestureRecognizer.swift */ = {isa = PBXFileReference; fileEncoding = 4; lastKnownFileType = sourcecode.swift; path = ImmediatePanGestureRecognizer.swift; sourceTree = "<group>"; };
		8884537727720400001E22B9 /* Layout.swift */ = {isa = PBXFileReference; fileEncoding = 4; lastKnownFileType = sourcecode.swift; path = Layout.swift; sourceTree = "<group>"; };
		889614EF276A06F200D59E02 /* demoAudio.mp3 */ = {isa = PBXFileReference; lastKnownFileType = audio.mp3; path = demoAudio.mp3; sourceTree = "<group>"; };
		88B09717277DD08700C8781B /* UIView+Extension.swift */ = {isa = PBXFileReference; fileEncoding = 4; lastKnownFileType = sourcecode.swift; path = "UIView+Extension.swift"; sourceTree = "<group>"; };
		88B0971B277DE26F00C8781B /* VideoEditor.swift */ = {isa = PBXFileReference; fileEncoding = 4; lastKnownFileType = sourcecode.swift; path = VideoEditor.swift; sourceTree = "<group>"; };
		88B09725277DE73000C8781B /* ImageToVideo.swift */ = {isa = PBXFileReference; fileEncoding = 4; lastKnownFileType = sourcecode.swift; path = ImageToVideo.swift; sourceTree = "<group>"; };
		88BF918C2761CD1000488A15 /* Swingtweaks.app */ = {isa = PBXFileReference; explicitFileType = wrapper.application; includeInIndex = 0; path = Swingtweaks.app; sourceTree = BUILT_PRODUCTS_DIR; };
		88BF918F2761CD1000488A15 /* AppDelegate.swift */ = {isa = PBXFileReference; lastKnownFileType = sourcecode.swift; path = AppDelegate.swift; sourceTree = "<group>"; };
		88BF91912761CD1000488A15 /* SceneDelegate.swift */ = {isa = PBXFileReference; lastKnownFileType = sourcecode.swift; path = SceneDelegate.swift; sourceTree = "<group>"; };
		88BF91932761CD1000488A15 /* ViewController.swift */ = {isa = PBXFileReference; lastKnownFileType = sourcecode.swift; path = ViewController.swift; sourceTree = "<group>"; };
		88BF91962761CD1000488A15 /* Base */ = {isa = PBXFileReference; lastKnownFileType = file.storyboard; name = Base; path = Base.lproj/Main.storyboard; sourceTree = "<group>"; };
		88BF91982761CD3A00488A15 /* Assets.xcassets */ = {isa = PBXFileReference; lastKnownFileType = folder.assetcatalog; path = Assets.xcassets; sourceTree = "<group>"; };
		88BF919B2761CD3A00488A15 /* Base */ = {isa = PBXFileReference; lastKnownFileType = file.storyboard; name = Base; path = Base.lproj/LaunchScreen.storyboard; sourceTree = "<group>"; };
		88BF919D2761CD3A00488A15 /* Info.plist */ = {isa = PBXFileReference; lastKnownFileType = text.plist.xml; name = Info.plist; path = Swingtweaks/Resources/Info.plist; sourceTree = SOURCE_ROOT; };
		88BF91AC2761D20600488A15 /* CreateTweakViewController.swift */ = {isa = PBXFileReference; lastKnownFileType = sourcecode.swift; path = CreateTweakViewController.swift; sourceTree = "<group>"; };
		88F628DF276B2B4B0056A87D /* .gitkeep */ = {isa = PBXFileReference; fileEncoding = 4; lastKnownFileType = text; path = .gitkeep; sourceTree = "<group>"; };
		88F628E0276B2B4B0056A87D /* VideoGenerator.swift */ = {isa = PBXFileReference; fileEncoding = 4; lastKnownFileType = sourcecode.swift; path = VideoGenerator.swift; sourceTree = "<group>"; };
		88F628E2276B2B4B0056A87D /* AVAssetExtension.swift */ = {isa = PBXFileReference; fileEncoding = 4; lastKnownFileType = sourcecode.swift; path = AVAssetExtension.swift; sourceTree = "<group>"; };
		88F628E3276B2B4B0056A87D /* ImageExtension.swift */ = {isa = PBXFileReference; fileEncoding = 4; lastKnownFileType = sourcecode.swift; path = ImageExtension.swift; sourceTree = "<group>"; };
		88F628E5276B2B4B0056A87D /* VideoGeneratorError.swift */ = {isa = PBXFileReference; fileEncoding = 4; lastKnownFileType = sourcecode.swift; path = VideoGeneratorError.swift; sourceTree = "<group>"; };
		88F628EC276B2D060056A87D /* LoadingView.swift */ = {isa = PBXFileReference; fileEncoding = 4; lastKnownFileType = sourcecode.swift; path = LoadingView.swift; sourceTree = "<group>"; };
		88F628F1276B73090056A87D /* AGAudioRecorder.swift */ = {isa = PBXFileReference; lastKnownFileType = sourcecode.swift; path = AGAudioRecorder.swift; sourceTree = "<group>"; };
		B78D7788278C6F0600CD25D1 /* PreviewViewController.swift */ = {isa = PBXFileReference; fileEncoding = 4; lastKnownFileType = sourcecode.swift; path = PreviewViewController.swift; sourceTree = "<group>"; };
		BE694C8C617380F3F319A8B2 /* Pods-Swingtweaks.release.xcconfig */ = {isa = PBXFileReference; includeInIndex = 1; lastKnownFileType = text.xcconfig; name = "Pods-Swingtweaks.release.xcconfig"; path = "Target Support Files/Pods-Swingtweaks/Pods-Swingtweaks.release.xcconfig"; sourceTree = "<group>"; };
/* End PBXFileReference section */

/* Begin PBXFrameworksBuildPhase section */
		88BF91892761CD1000488A15 /* Frameworks */ = {
			isa = PBXFrameworksBuildPhase;
			buildActionMask = 2147483647;
			files = (
				245B8A99482F389CE726697A /* Pods_Swingtweaks.framework in Frameworks */,
			);
			runOnlyForDeploymentPostprocessing = 0;
		};
/* End PBXFrameworksBuildPhase section */

/* Begin PBXGroup section */
		38C4D0D0CDC5643C447CE5DF /* Pods */ = {
			isa = PBXGroup;
			children = (
				0A98992D7F0CB71404586297 /* Pods-Swingtweaks.debug.xcconfig */,
				BE694C8C617380F3F319A8B2 /* Pods-Swingtweaks.release.xcconfig */,
			);
			path = Pods;
			sourceTree = "<group>";
		};
		5FD5472C2788482E000B80AE /* Collection */ = {
			isa = PBXGroup;
			children = (
				5FD5472D2788484F000B80AE /* ToolItemCollectionView.swift */,
				5FD5472F278848CE000B80AE /* Cell */,
			);
			path = Collection;
			sourceTree = "<group>";
		};
		5FD5472F278848CE000B80AE /* Cell */ = {
			isa = PBXGroup;
			children = (
				5FD5473527884978000B80AE /* ToolsItemCollectionCell.swift */,
				5FD5473627884978000B80AE /* ToolsItemCollectionCell.xib */,
			);
			path = Cell;
			sourceTree = "<group>";
		};
		5FF206322785696E00EE1A43 /* Constant */ = {
			isa = PBXGroup;
			children = (
				5FF206332785697F00EE1A43 /* Constant.swift */,
			);
			path = Constant;
			sourceTree = "<group>";
		};
		88845346277203FF001E22B9 /* Drawsana */ = {
			isa = PBXGroup;
			children = (
				88845347277203FF001E22B9 /* Tools */,
				88845356277203FF001E22B9 /* ToolPickerViewController.swift */,
				88845357277203FF001E22B9 /* Shapes */,
				88845363277203FF001E22B9 /* _Support */,
				88845366277203FF001E22B9 /* ColorPickerViewController.swift */,
				88845367277203FF001E22B9 /* DrawsanaView.swift */,
				88845368277203FF001E22B9 /* Data model */,
				8884536E27720400001E22B9 /* Helpers */,
			);
			path = Drawsana;
			sourceTree = "<group>";
		};
		88845347277203FF001E22B9 /* Tools */ = {
			isa = PBXGroup;
			children = (
				88845348277203FF001E22B9 /* DrawingTool.swift */,
				88845349277203FF001E22B9 /* DrawingOperations.swift */,
				8884534A277203FF001E22B9 /* Implementations */,
			);
			path = Tools;
			sourceTree = "<group>";
		};
		8884534A277203FF001E22B9 /* Implementations */ = {
			isa = PBXGroup;
			children = (
				8884534B277203FF001E22B9 /* SelectionTool.swift */,
				8884534C277203FF001E22B9 /* StarTool_PentagonTool_TriangleTool.swift */,
				8884534D277203FF001E22B9 /* AngleTool.swift */,
				8884534E277203FF001E22B9 /* Text tool */,
				88845352277203FF001E22B9 /* PenTool_EraserTool.swift */,
				88845353277203FF001E22B9 /* DrawingToolForShapeWithTwoPoints.swift */,
				88845354277203FF001E22B9 /* DrawingToolForShapeWithThreePoints.swift */,
				88845355277203FF001E22B9 /* ArrowTool_EllipseTool_LineTool_RectTool.swift */,
			);
			path = Implementations;
			sourceTree = "<group>";
		};
		8884534E277203FF001E22B9 /* Text tool */ = {
			isa = PBXGroup;
			children = (
				8884534F277203FF001E22B9 /* DragHandler.swift */,
				88845350277203FF001E22B9 /* TextShapeEditingView.swift */,
				88845351277203FF001E22B9 /* TextTool.swift */,
			);
			path = "Text tool";
			sourceTree = "<group>";
		};
		88845357277203FF001E22B9 /* Shapes */ = {
			isa = PBXGroup;
			children = (
				88845358277203FF001E22B9 /* Shape.swift */,
				88845359277203FF001E22B9 /* ShapeTransform.swift */,
				8884535A277203FF001E22B9 /* Implementations */,
			);
			path = Shapes;
			sourceTree = "<group>";
		};
		8884535A277203FF001E22B9 /* Implementations */ = {
			isa = PBXGroup;
			children = (
				8884535B277203FF001E22B9 /* LineShape.swift */,
				8884535C277203FF001E22B9 /* PenShape.swift */,
				8884535D277203FF001E22B9 /* NgonShape.swift */,
				8884535E277203FF001E22B9 /* RectShape.swift */,
				8884535F277203FF001E22B9 /* TextShape.swift */,
				88845360277203FF001E22B9 /* StarShape.swift */,
				88845361277203FF001E22B9 /* EllipseShape.swift */,
				88845362277203FF001E22B9 /* AngleShape.swift */,
			);
			path = Implementations;
			sourceTree = "<group>";
		};
		88845363277203FF001E22B9 /* _Support */ = {
			isa = PBXGroup;
			children = (
				88845364277203FF001E22B9 /* Drawsana.h */,
				88845365277203FF001E22B9 /* Info.plist */,
			);
			path = _Support;
			sourceTree = "<group>";
		};
		88845368277203FF001E22B9 /* Data model */ = {
			isa = PBXGroup;
			children = (
				8884536927720400001E22B9 /* DrawingOperationStack.swift */,
				8884536A27720400001E22B9 /* ToolSettings.swift */,
				8884536B27720400001E22B9 /* ToolOperationContext.swift */,
				8884536C27720400001E22B9 /* UserSettings.swift */,
				8884536D27720400001E22B9 /* Drawing.swift */,
			);
			path = "Data model";
			sourceTree = "<group>";
		};
		8884536E27720400001E22B9 /* Helpers */ = {
			isa = PBXGroup;
			children = (
				8884536F27720400001E22B9 /* DrawsanaUtilities.swift */,
				8884537027720400001E22B9 /* Extensions */,
				8884537627720400001E22B9 /* ImmediatePanGestureRecognizer.swift */,
			);
			path = Helpers;
			sourceTree = "<group>";
		};
		8884537027720400001E22B9 /* Extensions */ = {
			isa = PBXGroup;
			children = (
				8884537127720400001E22B9 /* CGPoint+DrawsanaExtensions.swift */,
				8884537227720400001E22B9 /* CGFloat+DrawsanaExtensions.swift */,
				8884537327720400001E22B9 /* CGRect+DrawsanaExtensions.swift */,
				8884537427720400001E22B9 /* UIColor+DrawsanaExtensions.swift */,
				8884537527720400001E22B9 /* KeyedDecodingContainer+DrawsanaExtensions.swift */,
			);
			path = Extensions;
			sourceTree = "<group>";
		};
		889614E92769C88D00D59E02 /* SharedComponents */ = {
			isa = PBXGroup;
			children = (
				5FF206322785696E00EE1A43 /* Constant */,
				88B09724277DE6ED00C8781B /* VideoFromFrames */,
				88B0971A277DE22900C8781B /* AddOverlayFrameClass */,
				88B09716277DD03500C8781B /* Extension */,
				88845346277203FF001E22B9 /* Drawsana */,
				8884537727720400001E22B9 /* Layout.swift */,
				88F628F0276B72EE0056A87D /* AudioRecorder */,
				88F628DE276B2B4B0056A87D /* Classes */,
			);
			path = SharedComponents;
			sourceTree = "<group>";
		};
		88B09716277DD03500C8781B /* Extension */ = {
			isa = PBXGroup;
			children = (
				88B09717277DD08700C8781B /* UIView+Extension.swift */,
			);
			path = Extension;
			sourceTree = "<group>";
		};
		88B0971A277DE22900C8781B /* AddOverlayFrameClass */ = {
			isa = PBXGroup;
			children = (
				88B0971B277DE26F00C8781B /* VideoEditor.swift */,
			);
			path = AddOverlayFrameClass;
			sourceTree = "<group>";
		};
		88B09724277DE6ED00C8781B /* VideoFromFrames */ = {
			isa = PBXGroup;
			children = (
				88B09725277DE73000C8781B /* ImageToVideo.swift */,
			);
			path = VideoFromFrames;
			sourceTree = "<group>";
		};
		88BF91832761CD1000488A15 = {
			isa = PBXGroup;
			children = (
				88BF918E2761CD1000488A15 /* Swingtweaks */,
				88BF918D2761CD1000488A15 /* Products */,
				38C4D0D0CDC5643C447CE5DF /* Pods */,
				A55F4C3668B460B0A021A911 /* Frameworks */,
			);
			sourceTree = "<group>";
		};
		88BF918D2761CD1000488A15 /* Products */ = {
			isa = PBXGroup;
			children = (
				88BF918C2761CD1000488A15 /* Swingtweaks.app */,
			);
			name = Products;
			sourceTree = "<group>";
		};
		88BF918E2761CD1000488A15 /* Swingtweaks */ = {
			isa = PBXGroup;
			children = (
				889614E92769C88D00D59E02 /* SharedComponents */,
				88BF91A62761CE7B00488A15 /* AppDelegate */,
				88BF91A82761CF5500488A15 /* Resources */,
				88BF91A42761CE5A00488A15 /* Scene */,
			);
			path = Swingtweaks;
			sourceTree = "<group>";
		};
		88BF91A42761CE5A00488A15 /* Scene */ = {
			isa = PBXGroup;
			children = (
				88BF91932761CD1000488A15 /* ViewController.swift */,
				88BF91AA2761D19200488A15 /* CreateTweakView */,
				B78D7787278C6F0600CD25D1 /* PreviewController */,
			);
			path = Scene;
			sourceTree = "<group>";
		};
		88BF91A62761CE7B00488A15 /* AppDelegate */ = {
			isa = PBXGroup;
			children = (
				88BF918F2761CD1000488A15 /* AppDelegate.swift */,
				88BF91912761CD1000488A15 /* SceneDelegate.swift */,
			);
			path = AppDelegate;
			sourceTree = "<group>";
		};
		88BF91A82761CF5500488A15 /* Resources */ = {
			isa = PBXGroup;
			children = (
				88BF91952761CD1000488A15 /* Main.storyboard */,
				88BF91982761CD3A00488A15 /* Assets.xcassets */,
				88BF919A2761CD3A00488A15 /* LaunchScreen.storyboard */,
				88BF919D2761CD3A00488A15 /* Info.plist */,
				8884534227720163001E22B9 /* videoApp.mov */,
				889614EF276A06F200D59E02 /* demoAudio.mp3 */,
			);
			path = Resources;
			sourceTree = "<group>";
		};
		88BF91AA2761D19200488A15 /* CreateTweakView */ = {
			isa = PBXGroup;
			children = (
				88BF91AC2761D20600488A15 /* CreateTweakViewController.swift */,
				5FD5472C2788482E000B80AE /* Collection */,
			);
			path = CreateTweakView;
			sourceTree = "<group>";
		};
		88F628DE276B2B4B0056A87D /* Classes */ = {
			isa = PBXGroup;
			children = (
				88F628EC276B2D060056A87D /* LoadingView.swift */,
				88F628DF276B2B4B0056A87D /* .gitkeep */,
				88F628E0276B2B4B0056A87D /* VideoGenerator.swift */,
				88F628E1276B2B4B0056A87D /* Extensions */,
				88F628E4276B2B4B0056A87D /* Error */,
			);
			path = Classes;
			sourceTree = "<group>";
		};
		88F628E1276B2B4B0056A87D /* Extensions */ = {
			isa = PBXGroup;
			children = (
				88F628E2276B2B4B0056A87D /* AVAssetExtension.swift */,
				88F628E3276B2B4B0056A87D /* ImageExtension.swift */,
			);
			path = Extensions;
			sourceTree = "<group>";
		};
		88F628E4276B2B4B0056A87D /* Error */ = {
			isa = PBXGroup;
			children = (
				88F628E5276B2B4B0056A87D /* VideoGeneratorError.swift */,
			);
			path = Error;
			sourceTree = "<group>";
		};
		88F628F0276B72EE0056A87D /* AudioRecorder */ = {
			isa = PBXGroup;
			children = (
				88F628F1276B73090056A87D /* AGAudioRecorder.swift */,
			);
			path = AudioRecorder;
			sourceTree = "<group>";
		};
		A55F4C3668B460B0A021A911 /* Frameworks */ = {
			isa = PBXGroup;
			children = (
				45FA5178011CFC496B28516C /* Pods_Swingtweaks.framework */,
			);
			name = Frameworks;
			sourceTree = "<group>";
		};
		B78D7787278C6F0600CD25D1 /* PreviewController */ = {
			isa = PBXGroup;
			children = (
				B78D7788278C6F0600CD25D1 /* PreviewViewController.swift */,
			);
			path = PreviewController;
			sourceTree = "<group>";
		};
/* End PBXGroup section */

/* Begin PBXNativeTarget section */
		88BF918B2761CD1000488A15 /* Swingtweaks */ = {
			isa = PBXNativeTarget;
			buildConfigurationList = 88BF91A02761CD3A00488A15 /* Build configuration list for PBXNativeTarget "Swingtweaks" */;
			buildPhases = (
				9B043A1AD42D80EFEB130129 /* [CP] Check Pods Manifest.lock */,
				88BF91882761CD1000488A15 /* Sources */,
				88BF91892761CD1000488A15 /* Frameworks */,
				88BF918A2761CD1000488A15 /* Resources */,
				06730EC9A093F69D9E27743A /* [CP] Embed Pods Frameworks */,
			);
			buildRules = (
			);
			dependencies = (
			);
			name = Swingtweaks;
			productName = Swingtweaks;
			productReference = 88BF918C2761CD1000488A15 /* Swingtweaks.app */;
			productType = "com.apple.product-type.application";
		};
/* End PBXNativeTarget section */

/* Begin PBXProject section */
		88BF91842761CD1000488A15 /* Project object */ = {
			isa = PBXProject;
			attributes = {
				LastSwiftUpdateCheck = 1240;
				LastUpgradeCheck = 1240;
				TargetAttributes = {
					88BF918B2761CD1000488A15 = {
						CreatedOnToolsVersion = 12.4;
					};
				};
			};
			buildConfigurationList = 88BF91872761CD1000488A15 /* Build configuration list for PBXProject "Swingtweaks" */;
			compatibilityVersion = "Xcode 9.3";
			developmentRegion = en;
			hasScannedForEncodings = 0;
			knownRegions = (
				en,
				Base,
			);
			mainGroup = 88BF91832761CD1000488A15;
			productRefGroup = 88BF918D2761CD1000488A15 /* Products */;
			projectDirPath = "";
			projectRoot = "";
			targets = (
				88BF918B2761CD1000488A15 /* Swingtweaks */,
			);
		};
/* End PBXProject section */

/* Begin PBXResourcesBuildPhase section */
		88BF918A2761CD1000488A15 /* Resources */ = {
			isa = PBXResourcesBuildPhase;
			buildActionMask = 2147483647;
			files = (
				5FD5473827884978000B80AE /* ToolsItemCollectionCell.xib in Resources */,
				88BF919C2761CD3A00488A15 /* LaunchScreen.storyboard in Resources */,
				88BF91992761CD3A00488A15 /* Assets.xcassets in Resources */,
				88F628E6276B2B4B0056A87D /* .gitkeep in Resources */,
				889614F0276A06F200D59E02 /* demoAudio.mp3 in Resources */,
				88BF91972761CD1000488A15 /* Main.storyboard in Resources */,
				8884534327720163001E22B9 /* videoApp.mov in Resources */,
			);
			runOnlyForDeploymentPostprocessing = 0;
		};
/* End PBXResourcesBuildPhase section */

/* Begin PBXShellScriptBuildPhase section */
		06730EC9A093F69D9E27743A /* [CP] Embed Pods Frameworks */ = {
			isa = PBXShellScriptBuildPhase;
			buildActionMask = 2147483647;
			files = (
			);
			inputFileListPaths = (
				"${PODS_ROOT}/Target Support Files/Pods-Swingtweaks/Pods-Swingtweaks-frameworks-${CONFIGURATION}-input-files.xcfilelist",
			);
			name = "[CP] Embed Pods Frameworks";
			outputFileListPaths = (
				"${PODS_ROOT}/Target Support Files/Pods-Swingtweaks/Pods-Swingtweaks-frameworks-${CONFIGURATION}-output-files.xcfilelist",
			);
			runOnlyForDeploymentPostprocessing = 0;
			shellPath = /bin/sh;
			shellScript = "\"${PODS_ROOT}/Target Support Files/Pods-Swingtweaks/Pods-Swingtweaks-frameworks.sh\"\n";
			showEnvVarsInLog = 0;
		};
		9B043A1AD42D80EFEB130129 /* [CP] Check Pods Manifest.lock */ = {
			isa = PBXShellScriptBuildPhase;
			buildActionMask = 2147483647;
			files = (
			);
			inputFileListPaths = (
			);
			inputPaths = (
				"${PODS_PODFILE_DIR_PATH}/Podfile.lock",
				"${PODS_ROOT}/Manifest.lock",
			);
			name = "[CP] Check Pods Manifest.lock";
			outputFileListPaths = (
			);
			outputPaths = (
				"$(DERIVED_FILE_DIR)/Pods-Swingtweaks-checkManifestLockResult.txt",
			);
			runOnlyForDeploymentPostprocessing = 0;
			shellPath = /bin/sh;
			shellScript = "diff \"${PODS_PODFILE_DIR_PATH}/Podfile.lock\" \"${PODS_ROOT}/Manifest.lock\" > /dev/null\nif [ $? != 0 ] ; then\n    # print error to STDERR\n    echo \"error: The sandbox is not in sync with the Podfile.lock. Run 'pod install' or update your CocoaPods installation.\" >&2\n    exit 1\nfi\n# This output is used by Xcode 'outputs' to avoid re-running this script phase.\necho \"SUCCESS\" > \"${SCRIPT_OUTPUT_FILE_0}\"\n";
			showEnvVarsInLog = 0;
		};
/* End PBXShellScriptBuildPhase section */

/* Begin PBXSourcesBuildPhase section */
		88BF91882761CD1000488A15 /* Sources */ = {
			isa = PBXSourcesBuildPhase;
			buildActionMask = 2147483647;
			files = (
				8884538B27720400001E22B9 /* TextShape.swift in Sources */,
				8884539427720400001E22B9 /* ToolOperationContext.swift in Sources */,
				88B09726277DE73000C8781B /* ImageToVideo.swift in Sources */,
				8884537F27720400001E22B9 /* TextTool.swift in Sources */,
				8884539127720400001E22B9 /* DrawsanaView.swift in Sources */,
				8884539027720400001E22B9 /* ColorPickerViewController.swift in Sources */,
				8884539B27720400001E22B9 /* UIColor+DrawsanaExtensions.swift in Sources */,
				8884538427720400001E22B9 /* ToolPickerViewController.swift in Sources */,
				8884537A27720400001E22B9 /* SelectionTool.swift in Sources */,
				8884539C27720400001E22B9 /* KeyedDecodingContainer+DrawsanaExtensions.swift in Sources */,
				88BF91942761CD1000488A15 /* ViewController.swift in Sources */,
				8884539627720400001E22B9 /* Drawing.swift in Sources */,
				8884538E27720400001E22B9 /* AngleShape.swift in Sources */,
				8884538327720400001E22B9 /* ArrowTool_EllipseTool_LineTool_RectTool.swift in Sources */,
				8884539327720400001E22B9 /* ToolSettings.swift in Sources */,
				8884537827720400001E22B9 /* DrawingTool.swift in Sources */,
				8884539527720400001E22B9 /* UserSettings.swift in Sources */,
				88BF91AD2761D20600488A15 /* CreateTweakViewController.swift in Sources */,
				8884538A27720400001E22B9 /* RectShape.swift in Sources */,
				8884537927720400001E22B9 /* DrawingOperations.swift in Sources */,
				8884539827720400001E22B9 /* CGPoint+DrawsanaExtensions.swift in Sources */,
				8884538227720400001E22B9 /* DrawingToolForShapeWithThreePoints.swift in Sources */,
				88B0971C277DE26F00C8781B /* VideoEditor.swift in Sources */,
				8884539727720400001E22B9 /* DrawsanaUtilities.swift in Sources */,
				88F628ED276B2D060056A87D /* LoadingView.swift in Sources */,
				8884537B27720400001E22B9 /* StarTool_PentagonTool_TriangleTool.swift in Sources */,
				88F628E7276B2B4B0056A87D /* VideoGenerator.swift in Sources */,
				8884539D27720400001E22B9 /* ImmediatePanGestureRecognizer.swift in Sources */,
				8884539E27720400001E22B9 /* Layout.swift in Sources */,
				8884538D27720400001E22B9 /* EllipseShape.swift in Sources */,
				8884537E27720400001E22B9 /* TextShapeEditingView.swift in Sources */,
				8884538827720400001E22B9 /* PenShape.swift in Sources */,
				8884539A27720400001E22B9 /* CGRect+DrawsanaExtensions.swift in Sources */,
				88BF91902761CD1000488A15 /* AppDelegate.swift in Sources */,
				88F628F2276B73090056A87D /* AGAudioRecorder.swift in Sources */,
				5FF206342785697F00EE1A43 /* Constant.swift in Sources */,
				88F628E8276B2B4B0056A87D /* AVAssetExtension.swift in Sources */,
				88F628EA276B2B4B0056A87D /* VideoGeneratorError.swift in Sources */,
				8884538627720400001E22B9 /* ShapeTransform.swift in Sources */,
				8884539227720400001E22B9 /* DrawingOperationStack.swift in Sources */,
				8884538927720400001E22B9 /* NgonShape.swift in Sources */,
				8884538527720400001E22B9 /* Shape.swift in Sources */,
				88BF91922761CD1000488A15 /* SceneDelegate.swift in Sources */,
				5FD5473727884978000B80AE /* ToolsItemCollectionCell.swift in Sources */,
				8884538C27720400001E22B9 /* StarShape.swift in Sources */,
				8884537C27720400001E22B9 /* AngleTool.swift in Sources */,
				8884539927720400001E22B9 /* CGFloat+DrawsanaExtensions.swift in Sources */,
				8884537D27720400001E22B9 /* DragHandler.swift in Sources */,
				B78D7789278C6F0600CD25D1 /* PreviewViewController.swift in Sources */,
				8884538027720400001E22B9 /* PenTool_EraserTool.swift in Sources */,
				8884538127720400001E22B9 /* DrawingToolForShapeWithTwoPoints.swift in Sources */,
				88F628E9276B2B4B0056A87D /* ImageExtension.swift in Sources */,
				88B09718277DD08700C8781B /* UIView+Extension.swift in Sources */,
				8884538727720400001E22B9 /* LineShape.swift in Sources */,
				5FD5472E2788484F000B80AE /* ToolItemCollectionView.swift in Sources */,
			);
			runOnlyForDeploymentPostprocessing = 0;
		};
/* End PBXSourcesBuildPhase section */

/* Begin PBXVariantGroup section */
		88BF91952761CD1000488A15 /* Main.storyboard */ = {
			isa = PBXVariantGroup;
			children = (
				88BF91962761CD1000488A15 /* Base */,
			);
			name = Main.storyboard;
			sourceTree = "<group>";
		};
		88BF919A2761CD3A00488A15 /* LaunchScreen.storyboard */ = {
			isa = PBXVariantGroup;
			children = (
				88BF919B2761CD3A00488A15 /* Base */,
			);
			name = LaunchScreen.storyboard;
			sourceTree = "<group>";
		};
/* End PBXVariantGroup section */

/* Begin XCBuildConfiguration section */
		88BF919E2761CD3A00488A15 /* Debug */ = {
			isa = XCBuildConfiguration;
			buildSettings = {
				ALWAYS_SEARCH_USER_PATHS = NO;
				CLANG_ANALYZER_NONNULL = YES;
				CLANG_ANALYZER_NUMBER_OBJECT_CONVERSION = YES_AGGRESSIVE;
				CLANG_CXX_LANGUAGE_STANDARD = "gnu++14";
				CLANG_CXX_LIBRARY = "libc++";
				CLANG_ENABLE_MODULES = YES;
				CLANG_ENABLE_OBJC_ARC = YES;
				CLANG_ENABLE_OBJC_WEAK = YES;
				CLANG_WARN_BLOCK_CAPTURE_AUTORELEASING = YES;
				CLANG_WARN_BOOL_CONVERSION = YES;
				CLANG_WARN_COMMA = YES;
				CLANG_WARN_CONSTANT_CONVERSION = YES;
				CLANG_WARN_DEPRECATED_OBJC_IMPLEMENTATIONS = YES;
				CLANG_WARN_DIRECT_OBJC_ISA_USAGE = YES_ERROR;
				CLANG_WARN_DOCUMENTATION_COMMENTS = YES;
				CLANG_WARN_EMPTY_BODY = YES;
				CLANG_WARN_ENUM_CONVERSION = YES;
				CLANG_WARN_INFINITE_RECURSION = YES;
				CLANG_WARN_INT_CONVERSION = YES;
				CLANG_WARN_NON_LITERAL_NULL_CONVERSION = YES;
				CLANG_WARN_OBJC_IMPLICIT_RETAIN_SELF = YES;
				CLANG_WARN_OBJC_LITERAL_CONVERSION = YES;
				CLANG_WARN_OBJC_ROOT_CLASS = YES_ERROR;
				CLANG_WARN_QUOTED_INCLUDE_IN_FRAMEWORK_HEADER = YES;
				CLANG_WARN_RANGE_LOOP_ANALYSIS = YES;
				CLANG_WARN_STRICT_PROTOTYPES = YES;
				CLANG_WARN_SUSPICIOUS_MOVE = YES;
				CLANG_WARN_UNGUARDED_AVAILABILITY = YES_AGGRESSIVE;
				CLANG_WARN_UNREACHABLE_CODE = YES;
				CLANG_WARN__DUPLICATE_METHOD_MATCH = YES;
				COPY_PHASE_STRIP = NO;
				DEBUG_INFORMATION_FORMAT = dwarf;
				ENABLE_STRICT_OBJC_MSGSEND = YES;
				ENABLE_TESTABILITY = YES;
				GCC_C_LANGUAGE_STANDARD = gnu11;
				GCC_DYNAMIC_NO_PIC = NO;
				GCC_NO_COMMON_BLOCKS = YES;
				GCC_OPTIMIZATION_LEVEL = 0;
				GCC_PREPROCESSOR_DEFINITIONS = (
					"DEBUG=1",
					"$(inherited)",
				);
				GCC_WARN_64_TO_32_BIT_CONVERSION = YES;
				GCC_WARN_ABOUT_RETURN_TYPE = YES_ERROR;
				GCC_WARN_UNDECLARED_SELECTOR = YES;
				GCC_WARN_UNINITIALIZED_AUTOS = YES_AGGRESSIVE;
				GCC_WARN_UNUSED_FUNCTION = YES;
				GCC_WARN_UNUSED_VARIABLE = YES;
				IPHONEOS_DEPLOYMENT_TARGET = 14.4;
				MTL_ENABLE_DEBUG_INFO = INCLUDE_SOURCE;
				MTL_FAST_MATH = YES;
				ONLY_ACTIVE_ARCH = YES;
				SDKROOT = iphoneos;
				SWIFT_ACTIVE_COMPILATION_CONDITIONS = DEBUG;
				SWIFT_OPTIMIZATION_LEVEL = "-Onone";
			};
			name = Debug;
		};
		88BF919F2761CD3A00488A15 /* Release */ = {
			isa = XCBuildConfiguration;
			buildSettings = {
				ALWAYS_SEARCH_USER_PATHS = NO;
				CLANG_ANALYZER_NONNULL = YES;
				CLANG_ANALYZER_NUMBER_OBJECT_CONVERSION = YES_AGGRESSIVE;
				CLANG_CXX_LANGUAGE_STANDARD = "gnu++14";
				CLANG_CXX_LIBRARY = "libc++";
				CLANG_ENABLE_MODULES = YES;
				CLANG_ENABLE_OBJC_ARC = YES;
				CLANG_ENABLE_OBJC_WEAK = YES;
				CLANG_WARN_BLOCK_CAPTURE_AUTORELEASING = YES;
				CLANG_WARN_BOOL_CONVERSION = YES;
				CLANG_WARN_COMMA = YES;
				CLANG_WARN_CONSTANT_CONVERSION = YES;
				CLANG_WARN_DEPRECATED_OBJC_IMPLEMENTATIONS = YES;
				CLANG_WARN_DIRECT_OBJC_ISA_USAGE = YES_ERROR;
				CLANG_WARN_DOCUMENTATION_COMMENTS = YES;
				CLANG_WARN_EMPTY_BODY = YES;
				CLANG_WARN_ENUM_CONVERSION = YES;
				CLANG_WARN_INFINITE_RECURSION = YES;
				CLANG_WARN_INT_CONVERSION = YES;
				CLANG_WARN_NON_LITERAL_NULL_CONVERSION = YES;
				CLANG_WARN_OBJC_IMPLICIT_RETAIN_SELF = YES;
				CLANG_WARN_OBJC_LITERAL_CONVERSION = YES;
				CLANG_WARN_OBJC_ROOT_CLASS = YES_ERROR;
				CLANG_WARN_QUOTED_INCLUDE_IN_FRAMEWORK_HEADER = YES;
				CLANG_WARN_RANGE_LOOP_ANALYSIS = YES;
				CLANG_WARN_STRICT_PROTOTYPES = YES;
				CLANG_WARN_SUSPICIOUS_MOVE = YES;
				CLANG_WARN_UNGUARDED_AVAILABILITY = YES_AGGRESSIVE;
				CLANG_WARN_UNREACHABLE_CODE = YES;
				CLANG_WARN__DUPLICATE_METHOD_MATCH = YES;
				COPY_PHASE_STRIP = NO;
				DEBUG_INFORMATION_FORMAT = "dwarf-with-dsym";
				ENABLE_NS_ASSERTIONS = NO;
				ENABLE_STRICT_OBJC_MSGSEND = YES;
				GCC_C_LANGUAGE_STANDARD = gnu11;
				GCC_NO_COMMON_BLOCKS = YES;
				GCC_WARN_64_TO_32_BIT_CONVERSION = YES;
				GCC_WARN_ABOUT_RETURN_TYPE = YES_ERROR;
				GCC_WARN_UNDECLARED_SELECTOR = YES;
				GCC_WARN_UNINITIALIZED_AUTOS = YES_AGGRESSIVE;
				GCC_WARN_UNUSED_FUNCTION = YES;
				GCC_WARN_UNUSED_VARIABLE = YES;
				IPHONEOS_DEPLOYMENT_TARGET = 14.4;
				MTL_ENABLE_DEBUG_INFO = NO;
				MTL_FAST_MATH = YES;
				SDKROOT = iphoneos;
				SWIFT_COMPILATION_MODE = wholemodule;
				SWIFT_OPTIMIZATION_LEVEL = "-O";
				VALIDATE_PRODUCT = YES;
			};
			name = Release;
		};
		88BF91A12761CD3A00488A15 /* Debug */ = {
			isa = XCBuildConfiguration;
			baseConfigurationReference = 0A98992D7F0CB71404586297 /* Pods-Swingtweaks.debug.xcconfig */;
			buildSettings = {
				ASSETCATALOG_COMPILER_APPICON_NAME = AppIcon;
				ASSETCATALOG_COMPILER_GLOBAL_ACCENT_COLOR_NAME = AccentColor;
				CODE_SIGN_IDENTITY = "iPhone Developer";
				CODE_SIGN_STYLE = Manual;
				CURRENT_PROJECT_VERSION = 1;
				DEVELOPMENT_TEAM = NV7BJK3HYU;
				INFOPLIST_FILE = Swingtweaks/Resources/Info.plist;
				IPHONEOS_DEPLOYMENT_TARGET = 13.0;
				LD_RUNPATH_SEARCH_PATHS = (
					"$(inherited)",
					"@executable_path/Frameworks",
				);
				MARKETING_VERSION = 1.0.0;
				PRODUCT_BUNDLE_IDENTIFIER = com.stevenm.swingtweaks;
				PRODUCT_NAME = "$(TARGET_NAME)";
				PROVISIONING_PROFILE_SPECIFIER = SwingTweaks_Development_Profile;
				SWIFT_VERSION = 5.0;
				TARGETED_DEVICE_FAMILY = 1;
			};
			name = Debug;
		};
		88BF91A22761CD3A00488A15 /* Release */ = {
			isa = XCBuildConfiguration;
			baseConfigurationReference = BE694C8C617380F3F319A8B2 /* Pods-Swingtweaks.release.xcconfig */;
			buildSettings = {
				ASSETCATALOG_COMPILER_APPICON_NAME = AppIcon;
				ASSETCATALOG_COMPILER_GLOBAL_ACCENT_COLOR_NAME = AccentColor;
				CODE_SIGN_IDENTITY = "iPhone Developer";
				CODE_SIGN_STYLE = Manual;
				CURRENT_PROJECT_VERSION = 1;
				DEVELOPMENT_TEAM = NV7BJK3HYU;
				INFOPLIST_FILE = Swingtweaks/Resources/Info.plist;
				IPHONEOS_DEPLOYMENT_TARGET = 13.0;
				LD_RUNPATH_SEARCH_PATHS = (
					"$(inherited)",
					"@executable_path/Frameworks",
				);
				MARKETING_VERSION = 1.0.0;
				PRODUCT_BUNDLE_IDENTIFIER = com.stevenm.swingtweaks;
				PRODUCT_NAME = "$(TARGET_NAME)";
				PROVISIONING_PROFILE_SPECIFIER = SwingTweaks_Development_Profile;
				SWIFT_VERSION = 5.0;
				TARGETED_DEVICE_FAMILY = 1;
			};
			name = Release;
		};
/* End XCBuildConfiguration section */

/* Begin XCConfigurationList section */
		88BF91872761CD1000488A15 /* Build configuration list for PBXProject "Swingtweaks" */ = {
			isa = XCConfigurationList;
			buildConfigurations = (
				88BF919E2761CD3A00488A15 /* Debug */,
				88BF919F2761CD3A00488A15 /* Release */,
			);
			defaultConfigurationIsVisible = 0;
			defaultConfigurationName = Release;
		};
		88BF91A02761CD3A00488A15 /* Build configuration list for PBXNativeTarget "Swingtweaks" */ = {
			isa = XCConfigurationList;
			buildConfigurations = (
				88BF91A12761CD3A00488A15 /* Debug */,
				88BF91A22761CD3A00488A15 /* Release */,
			);
			defaultConfigurationIsVisible = 0;
			defaultConfigurationName = Release;
		};
/* End XCConfigurationList section */
	};
	rootObject = 88BF91842761CD1000488A15 /* Project object */;
}
